
Microsoft Visual Studio Solution File, Format Version 12.00
# Visual Studio Version 17
VisualStudioVersion = 17.8.34330.188
MinimumVisualStudioVersion = 10.0.40219.1
Project("{FAE04EC0-301F-11D3-BF4B-00C04F79EFBC}") = "BulkyWeb", "BulkyWeb\BulkyWeb.csproj", "{94CF1EF0-622E-4772-8C15-9CA44646E34B}"
EndProject
Global
	GlobalSection(SolutionConfigurationPlatforms) = preSolution
		Debug|Any CPU = Debug|Any CPU
		Release|Any CPU = Release|Any CPU
	EndGlobalSection
	GlobalSection(ProjectConfigurationPlatforms) = postSolution
		{94CF1EF0-622E-4772-8C15-9CA44646E34B}.Debug|Any CPU.ActiveCfg = Debug|Any CPU
		{94CF1EF0-622E-4772-8C15-9CA44646E34B}.Debug|Any CPU.Build.0 = Debug|Any CPU
		{94CF1EF0-622E-4772-8C15-9CA44646E34B}.Release|Any CPU.ActiveCfg = Release|Any CPU
		{94CF1EF0-622E-4772-8C15-9CA44646E34B}.Release|Any CPU.Build.0 = Release|Any CPU
	EndGlobalSection
	GlobalSection(SolutionProperties) = preSolution
		HideSolutionNode = FALSE
	EndGlobalSection
	GlobalSection(ExtensibilityGlobals) = postSolution
		SolutionGuid = {6812FB1D-C4CC-4DCE-A2A3-0470B3916D20}
	EndGlobalSection
EndGlobal
